// !$*UTF8*$!
{
	archiveVersion = 1;
	classes = {
	};
	objectVersion = 77;
	objects = {

/* Begin PBXBuildFile section */
		09D0F7AF51BB4A0DDE8B5DB1 /* GoogleMaps in Frameworks */ = {isa = PBXBuildFile; productRef = 4EA491E8A8400AD34E82FEAF /* GoogleMaps */; };
/* End PBXBuildFile section */

/* Begin PBXContainerItemProxy section */
		7FE15B0D2F37AAD9001B4F02 /* PBXContainerItemProxy */ = {
			isa = PBXContainerItemProxy;
			containerPortal = 7FE15AF42F37AAD7001B4F02 /* Project object */;
			proxyType = 1;
			remoteGlobalIDString = 7FE15AFB2F37AAD7001B4F02;
			remoteInfo = AIMap;
		};
		7FE15B172F37AADA001B4F02 /* PBXContainerItemProxy */ = {
			isa = PBXContainerItemProxy;
			containerPortal = 7FE15AF42F37AAD7001B4F02 /* Project object */;
			proxyType = 1;
			remoteGlobalIDString = 7FE15AFB2F37AAD7001B4F02;
			remoteInfo = AIMap;
		};
/* End PBXContainerItemProxy section */

/* Begin PBXFileReference section */
		7FE15AFC2F37AAD7001B4F02 /* AIMap.app */ = {isa = PBXFileReference; explicitFileType = wrapper.application; includeInIndex = 0; path = AIMap.app; sourceTree = BUILT_PRODUCTS_DIR; };
		7FE15B0C2F37AAD9001B4F02 /* AIMapTests.xctest */ = {isa = PBXFileReference; explicitFileType = wrapper.cfbundle; includeInIndex = 0; path = AIMapTests.xctest; sourceTree = BUILT_PRODUCTS_DIR; };
		7FE15B162F37AADA001B4F02 /* AIMapUITests.xctest */ = {isa = PBXFileReference; explicitFileType = wrapper.cfbundle; includeInIndex = 0; path = AIMapUITests.xctest; sourceTree = BUILT_PRODUCTS_DIR; };
/* End PBXFileReference section */

/* Begin PBXFileSystemSynchronizedRootGroup section */
		7FE15AFE2F37AAD7001B4F02 /* AIMap */ = {
			isa = PBXFileSystemSynchronizedRootGroup;
			path = AIMap;
			sourceTree = "<group>";
		};
		7FE15B0F2F37AAD9001B4F02 /* AIMapTests */ = {
			isa = PBXFileSystemSynchronizedRootGroup;
			path = AIMapTests;
			sourceTree = "<group>";
		};
		7FE15B192F37AADA001B4F02 /* AIMapUITests */ = {
			isa = PBXFileSystemSynchronizedRootGroup;
			path = AIMapUITests;
			sourceTree = "<group>";
		};
/* End PBXFileSystemSynchronizedRootGroup section */

/* Begin PBXFrameworksBuildPhase section */
		7FE15AF92F37AAD7001B4F02 /* Frameworks */ = {
			isa = PBXFrameworksBuildPhase;
			buildActionMask = 2147483647;
			files = (
				09D0F7AF51BB4A0DDE8B5DB1 /* GoogleMaps in Frameworks */,
			);
			runOnlyForDeploymentPostprocessing = 0;
		};
		7FE15B092F37AAD9001B4F02 /* Frameworks */ = {
			isa = PBXFrameworksBuildPhase;
			buildActionMask = 2147483647;
			files = (
			);
			runOnlyForDeploymentPostprocessing = 0;
		};
		7FE15B132F37AADA001B4F02 /* Frameworks */ = {
			isa = PBXFrameworksBuildPhase;
			buildActionMask = 2147483647;
			files = (
			);
			runOnlyForDeploymentPostprocessing = 0;
		};
/* End PBXFrameworksBuildPhase section */

/* Begin PBXGroup section */
		7FE15AF32F37AAD7001B4F02 = {
			isa = PBXGroup;
			children = (
				7FE15AFE2F37AAD7001B4F02 /* AIMap */,
				7FE15B0F2F37AAD9001B4F02 /* AIMapTests */,
				7FE15B192F37AADA001B4F02 /* AIMapUITests */,
				7FE15AFD2F37AAD7001B4F02 /* Products */,
			);
			sourceTree = "<group>";
		};
		7FE15AFD2F37AAD7001B4F02 /* Products */ = {
			isa = PBXGroup;
			children = (
				7FE15AFC2F37AAD7001B4F02 /* AIMap.app */,
				7FE15B0C2F37AAD9001B4F02 /* AIMapTests.xctest */,
				7FE15B162F37AADA001B4F02 /* AIMapUITests.xctest */,
			);
			name = Products;
			sourceTree = "<group>";
		};
/* End PBXGroup section */

/* Begin PBXNativeTarget section */
		7FE15AFB2F37AAD7001B4F02 /* AIMap */ = {
			isa = PBXNativeTarget;
			buildConfigurationList = 7FE15B202F37AADA001B4F02 /* Build configuration list for PBXNativeTarget "AIMap" */;
			buildPhases = (
				7FE15AF82F37AAD7001B4F02 /* Sources */,
				7FE15AF92F37AAD7001B4F02 /* Frameworks */,
				7FE15AFA2F37AAD7001B4F02 /* Resources */,
			);
			buildRules = (
			);
			dependencies = (
			);
			fileSystemSynchronizedGroups = (
				7FE15AFE2F37AAD7001B4F02 /* AIMap */,
			);
			name = AIMap;
			packageProductDependencies = (
				4EA491E8A8400AD34E82FEAF /* GoogleMaps */,
			);
			productName = AIMap;
			productReference = 7FE15AFC2F37AAD7001B4F02 /* AIMap.app */;
			productType = "com.apple.product-type.application";
		};
		7FE15B0B2F37AAD9001B4F02 /* AIMapTests */ = {
			isa = PBXNativeTarget;
			buildConfigurationList = 7FE15B232F37AADA001B4F02 /* Build configuration list for PBXNativeTarget "AIMapTests" */;
			buildPhases = (
				7FE15B082F37AAD9001B4F02 /* Sources */,
				7FE15B092F37AAD9001B4F02 /* Frameworks */,
				7FE15B0A2F37AAD9001B4F02 /* Resources */,
			);
			buildRules = (
			);
			dependencies = (
				7FE15B0E2F37AAD9001B4F02 /* PBXTargetDependency */,
			);
			fileSystemSynchronizedGroups = (
				7FE15B0F2F37AAD9001B4F02 /* AIMapTests */,
			);
			name = AIMapTests;
			packageProductDependencies = (
			);
			productName = AIMapTests;
			productReference = 7FE15B0C2F37AAD9001B4F02 /* AIMapTests.xctest */;
			productType = "com.apple.product-type.bundle.unit-test";
		};
		7FE15B152F37AADA001B4F02 /* AIMapUITests */ = {
			isa = PBXNativeTarget;
			buildConfigurationList = 7FE15B262F37AADA001B4F02 /* Build configuration list for PBXNativeTarget "AIMapUITests" */;
			buildPhases = (
				7FE15B122F37AADA001B4F02 /* Sources */,
				7FE15B132F37AADA001B4F02 /* Frameworks */,
				7FE15B142F37AADA001B4F02 /* Resources */,
			);
			buildRules = (
			);
			dependencies = (
				7FE15B182F37AADA001B4F02 /* PBXTargetDependency */,
			);
			fileSystemSynchronizedGroups = (
				7FE15B192F37AADA001B4F02 /* AIMapUITests */,
			);
			name = AIMapUITests;
			packageProductDependencies = (
			);
			productName = AIMapUITests;
			productReference = 7FE15B162F37AADA001B4F02 /* AIMapUITests.xctest */;
			productType = "com.apple.product-type.bundle.ui-testing";
		};
/* End PBXNativeTarget section */

/* Begin PBXProject section */
		7FE15AF42F37AAD7001B4F02 /* Project object */ = {
			isa = PBXProject;
			attributes = {
				BuildIndependentTargetsInParallel = 1;
				LastSwiftUpdateCheck = 1620;
				LastUpgradeCheck = 1620;
				TargetAttributes = {
					7FE15AFB2F37AAD7001B4F02 = {
						CreatedOnToolsVersion = 16.2;
					};
					7FE15B0B2F37AAD9001B4F02 = {
						CreatedOnToolsVersion = 16.2;
						TestTargetID = 7FE15AFB2F37AAD7001B4F02;
					};
					7FE15B152F37AADA001B4F02 = {
						CreatedOnToolsVersion = 16.2;
						TestTargetID = 7FE15AFB2F37AAD7001B4F02;
					};
				};
			};
			buildConfigurationList = 7FE15AF72F37AAD7001B4F02 /* Build configuration list for PBXProject "AIMap" */;
			developmentRegion = en;
			hasScannedForEncodings = 0;
			knownRegions = (
				en,
				Base,
			);
			mainGroup = 7FE15AF32F37AAD7001B4F02;
			minimizedProjectReferenceProxies = 1;
			packageReferences = (
				A7E9CB929B988C2A1841ABFD /* XCRemoteSwiftPackageReference "ios-maps-sdk" */,
			);
			preferredProjectObjectVersion = 77;
			productRefGroup = 7FE15AFD2F37AAD7001B4F02 /* Products */;
			projectDirPath = "";
			projectRoot = "";
			targets = (
				7FE15AFB2F37AAD7001B4F02 /* AIMap */,
				7FE15B0B2F37AAD9001B4F02 /* AIMapTests */,
				7FE15B152F37AADA001B4F02 /* AIMapUITests */,
			);
		};
/* End PBXProject section */

/* Begin PBXResourcesBuildPhase section */
		7FE15AFA2F37AAD7001B4F02 /* Resources */ = {
			isa = PBXResourcesBuildPhase;
			buildActionMask = 2147483647;
			files = (
			);
			runOnlyForDeploymentPostprocessing = 0;
		};
		7FE15B0A2F37AAD9001B4F02 /* Resources */ = {
			isa = PBXResourcesBuildPhase;
			buildActionMask = 2147483647;
			files = (
			);
			runOnlyForDeploymentPostprocessing = 0;
		};
		7FE15B142F37AADA001B4F02 /* Resources */ = {
			isa = PBXResourcesBuildPhase;
			buildActionMask = 2147483647;
			files = (
			);
			runOnlyForDeploymentPostprocessing = 0;
		};
/* End PBXResourcesBuildPhase section */

/* Begin PBXSourcesBuildPhase section */
		7FE15AF82F37AAD7001B4F02 /* Sources */ = {
			isa = PBXSourcesBuildPhase;
			buildActionMask = 2147483647;
			files = (
			);
			runOnlyForDeploymentPostprocessing = 0;
		};
		7FE15B082F37AAD9001B4F02 /* Sources */ = {
			isa = PBXSourcesBuildPhase;
			buildActionMask = 2147483647;
			files = (
			);
			runOnlyForDeploymentPostprocessing = 0;
		};
		7FE15B122F37AADA001B4F02 /* Sources */ = {
			isa = PBXSourcesBuildPhase;
			buildActionMask = 2147483647;
			files = (
			);
			runOnlyForDeploymentPostprocessing = 0;
		};
/* End PBXSourcesBuildPhase section */

/* Begin PBXTargetDependency section */
		7FE15B0E2F37AAD9001B4F02 /* PBXTargetDependency */ = {
			isa = PBXTargetDependency;
			target = 7FE15AFB2F37AAD7001B4F02 /* AIMap */;
			targetProxy = 7FE15B0D2F37AAD9001B4F02 /* PBXContainerItemProxy */;
		};
		7FE15B182F37AADA001B4F02 /* PBXTargetDependency */ = {
			isa = PBXTargetDependency;
			target = 7FE15AFB2F37AAD7001B4F02 /* AIMap */;
			targetProxy = 7FE15B172F37AADA001B4F02 /* PBXContainerItemProxy */;
		};
/* End PBXTargetDependency section */

/* Begin XCBuildConfiguration section */
		7FE15B1E2F37AADA001B4F02 /* Debug */ = {
			isa = XCBuildConfiguration;
			buildSettings = {
				ALWAYS_SEARCH_USER_PATHS = NO;
				ASSETCATALOG_COMPILER_GENERATE_SWIFT_ASSET_SYMBOL_EXTENSIONS = YES;
				CLANG_ANALYZER_NONNULL = YES;
				CLANG_ANALYZER_NUMBER_OBJECT_CONVERSION = YES_AGGRESSIVE;
				CLANG_CXX_LANGUAGE_STANDARD = "gnu++20";
				CLANG_ENABLE_MODULES = YES;
				CLANG_ENABLE_OBJC_ARC = YES;
				CLANG_ENABLE_OBJC_WEAK = YES;
				CLANG_WARN_BLOCK_CAPTURE_AUTORELEASING = YES;
				CLANG_WARN_BOOL_CONVERSION = YES;
				CLANG_WARN_COMMA = YES;
				CLANG_WARN_CONSTANT_CONVERSION = YES;
				CLANG_WARN_DEPRECATED_OBJC_IMPLEMENTATIONS = YES;
				CLANG_WARN_DIRECT_OBJC_ISA_USAGE = YES_ERROR;
				CLANG_WARN_DOCUMENTATION_COMMENTS = YES;
				CLANG_WARN_EMPTY_BODY = YES;
				CLANG_WARN_ENUM_CONVERSION = YES;
				CLANG_WARN_INFINITE_RECURSION = YES;
				CLANG_WARN_INT_CONVERSION = YES;
				CLANG_WARN_NON_LITERAL_NULL_CONVERSION = YES;
				CLANG_WARN_OBJC_IMPLICIT_RETAIN_SELF = YES;
				CLANG_WARN_OBJC_LITERAL_CONVERSION = YES;
				CLANG_WARN_OBJC_ROOT_CLASS = YES_ERROR;
				CLANG_WARN_QUOTED_INCLUDE_IN_FRAMEWORK_HEADER = YES;
				CLANG_WARN_RANGE_LOOP_ANALYSIS = YES;
				CLANG_WARN_STRICT_PROTOTYPES = YES;
				CLANG_WARN_SUSPICIOUS_MOVE = YES;
				CLANG_WARN_UNGUARDED_AVAILABILITY = YES_AGGRESSIVE;
				CLANG_WARN_UNREACHABLE_CODE = YES;
				CLANG_WARN__DUPLICATE_METHOD_MATCH = YES;
				COPY_PHASE_STRIP = NO;
				DEBUG_INFORMATION_FORMAT = dwarf;
				ENABLE_STRICT_OBJC_MSGSEND = YES;
				ENABLE_TESTABILITY = YES;
				ENABLE_USER_SCRIPT_SANDBOXING = YES;
				GCC_C_LANGUAGE_STANDARD = gnu17;
				GCC_DYNAMIC_NO_PIC = NO;
				GCC_NO_COMMON_BLOCKS = YES;
				GCC_OPTIMIZATION_LEVEL = 0;
				GCC_PREPROCESSOR_DEFINITIONS = (
					"DEBUG=1",
					"$(inherited)",
				);
				GCC_WARN_64_TO_32_BIT_CONVERSION = YES;
				GCC_WARN_ABOUT_RETURN_TYPE = YES_ERROR;
				GCC_WARN_UNDECLARED_SELECTOR = YES;
				GCC_WARN_UNINITIALIZED_AUTOS = YES_AGGRESSIVE;
				GCC_WARN_UNUSED_FUNCTION = YES;
				GCC_WARN_UNUSED_VARIABLE = YES;
				IPHONEOS_DEPLOYMENT_TARGET = 18.2;
				LOCALIZATION_PREFERS_STRING_CATALOGS = YES;
				MTL_ENABLE_DEBUG_INFO = INCLUDE_SOURCE;
				MTL_FAST_MATH = YES;
				ONLY_ACTIVE_ARCH = YES;
				SDKROOT = iphoneos;
				SWIFT_ACTIVE_COMPILATION_CONDITIONS = "DEBUG $(inherited)";
				SWIFT_OPTIMIZATION_LEVEL = "-Onone";
			};
			name = Debug;
		};
		7FE15B1F2F37AADA001B4F02 /* Release */ = {
			isa = XCBuildConfiguration;
			buildSettings = {
				ALWAYS_SEARCH_USER_PATHS = NO;
				ASSETCATALOG_COMPILER_GENERATE_SWIFT_ASSET_SYMBOL_EXTENSIONS = YES;
				CLANG_ANALYZER_NONNULL = YES;
				CLANG_ANALYZER_NUMBER_OBJECT_CONVERSION = YES_AGGRESSIVE;
				CLANG_CXX_LANGUAGE_STANDARD = "gnu++20";
				CLANG_ENABLE_MODULES = YES;
				CLANG_ENABLE_OBJC_ARC = YES;
				CLANG_ENABLE_OBJC_WEAK = YES;
				CLANG_WARN_BLOCK_CAPTURE_AUTORELEASING = YES;
				CLANG_WARN_BOOL_CONVERSION = YES;
				CLANG_WARN_COMMA = YES;
				CLANG_WARN_CONSTANT_CONVERSION = YES;
				CLANG_WARN_DEPRECATED_OBJC_IMPLEMENTATIONS = YES;
				CLANG_WARN_DIRECT_OBJC_ISA_USAGE = YES_ERROR;
				CLANG_WARN_DOCUMENTATION_COMMENTS = YES;
				CLANG_WARN_EMPTY_BODY = YES;
				CLANG_WARN_ENUM_CONVERSION = YES;
				CLANG_WARN_INFINITE_RECURSION = YES;
				CLANG_WARN_INT_CONVERSION = YES;
				CLANG_WARN_NON_LITERAL_NULL_CONVERSION = YES;
				CLANG_WARN_OBJC_IMPLICIT_RETAIN_SELF = YES;
				CLANG_WARN_OBJC_LITERAL_CONVERSION = YES;
				CLANG_WARN_OBJC_ROOT_CLASS = YES_ERROR;
				CLANG_WARN_QUOTED_INCLUDE_IN_FRAMEWORK_HEADER = YES;
				CLANG_WARN_RANGE_LOOP_ANALYSIS = YES;
				CLANG_WARN_STRICT_PROTOTYPES = YES;
				CLANG_WARN_SUSPICIOUS_MOVE = YES;
				CLANG_WARN_UNGUARDED_AVAILABILITY = YES_AGGRESSIVE;
				CLANG_WARN_UNREACHABLE_CODE = YES;
				CLANG_WARN__DUPLICATE_METHOD_MATCH = YES;
				COPY_PHASE_STRIP = NO;
				DEBUG_INFORMATION_FORMAT = "dwarf-with-dsym";
				ENABLE_NS_ASSERTIONS = NO;
				ENABLE_STRICT_OBJC_MSGSEND = YES;
				ENABLE_USER_SCRIPT_SANDBOXING = YES;
				GCC_C_LANGUAGE_STANDARD = gnu17;
				GCC_NO_COMMON_BLOCKS = YES;
				GCC_WARN_64_TO_32_BIT_CONVERSION = YES;
				GCC_WARN_ABOUT_RETURN_TYPE = YES_ERROR;
				GCC_WARN_UNDECLARED_SELECTOR = YES;
				GCC_WARN_UNINITIALIZED_AUTOS = YES_AGGRESSIVE;
				GCC_WARN_UNUSED_FUNCTION = YES;
				GCC_WARN_UNUSED_VARIABLE = YES;
				IPHONEOS_DEPLOYMENT_TARGET = 18.2;
				LOCALIZATION_PREFERS_STRING_CATALOGS = YES;
				MTL_ENABLE_DEBUG_INFO = NO;
				MTL_FAST_MATH = YES;
				SDKROOT = iphoneos;
				SWIFT_COMPILATION_MODE = wholemodule;
				VALIDATE_PRODUCT = YES;
			};
			name = Release;
		};
		7FE15B212F37AADA001B4F02 /* Debug */ = {
			isa = XCBuildConfiguration;
			buildSettings = {
				ASSETCATALOG_COMPILER_APPICON_NAME = AppIcon;
				ASSETCATALOG_COMPILER_GLOBAL_ACCENT_COLOR_NAME = AccentColor;
				CODE_SIGN_STYLE = Automatic;
				CURRENT_PROJECT_VERSION = 1;
				DEVELOPMENT_ASSET_PATHS = "\"AIMap/Preview Content\"";
				DEVELOPMENT_TEAM = V3NV8BUEE5;
				ENABLE_PREVIEWS = YES;
				GENERATE_INFOPLIST_FILE = YES;
				GOOGLE_MAPS_API_KEY = "";
				INFOPLIST_KEY_GOOGLE_MAPS_API_KEY = "$(GOOGLE_MAPS_API_KEY)";
				INFOPLIST_KEY_NSLocationWhenInUseUsageDescription = "AIMap uses your location to center the map and improve nearby place search.";
				INFOPLIST_KEY_UIApplicationSceneManifest_Generation = YES;
				INFOPLIST_KEY_UIApplicationSupportsIndirectInputEvents = YES;
				INFOPLIST_KEY_UILaunchScreen_Generation = YES;
				INFOPLIST_KEY_UISupportedInterfaceOrientations_iPad = "UIInterfaceOrientationPortrait UIInterfaceOrientationPortraitUpsideDown UIInterfaceOrientationLandscapeLeft UIInterfaceOrientationLandscapeRight";
				INFOPLIST_KEY_UISupportedInterfaceOrientations_iPhone = "UIInterfaceOrientationPortrait UIInterfaceOrientationLandscapeLeft UIInterfaceOrientationLandscapeRight";
				LD_RUNPATH_SEARCH_PATHS = (
					"$(inherited)",
					"@executable_path/Frameworks",
				);
				MARKETING_VERSION = 1.0;
				PRODUCT_BUNDLE_IDENTIFIER = pete.AIMap;
				PRODUCT_NAME = "$(TARGET_NAME)";
				SWIFT_EMIT_LOC_STRINGS = YES;
				SWIFT_VERSION = 5.0;
				TARGETED_DEVICE_FAMILY = "1,2";
			};
			name = Debug;
		};
		7FE15B222F37AADA001B4F02 /* Release */ = {
			isa = XCBuildConfiguration;
			buildSettings = {
				ASSETCATALOG_COMPILER_APPICON_NAME = AppIcon;
				ASSETCATALOG_COMPILER_GLOBAL_ACCENT_COLOR_NAME = AccentColor;
				CODE_SIGN_STYLE = Automatic;
				CURRENT_PROJECT_VERSION = 1;
				DEVELOPMENT_ASSET_PATHS = "\"AIMap/Preview Content\"";
				DEVELOPMENT_TEAM = V3NV8BUEE5;
				ENABLE_PREVIEWS = YES;
				GENERATE_INFOPLIST_FILE = YES;
				GOOGLE_MAPS_API_KEY = "";
				INFOPLIST_KEY_GOOGLE_MAPS_API_KEY = "$(GOOGLE_MAPS_API_KEY)";
				INFOPLIST_KEY_NSLocationWhenInUseUsageDescription = "AIMap uses your location to center the map and improve nearby place search.";
				INFOPLIST_KEY_UIApplicationSceneManifest_Generation = YES;
				INFOPLIST_KEY_UIApplicationSupportsIndirectInputEvents = YES;
				INFOPLIST_KEY_UILaunchScreen_Generation = YES;
				INFOPLIST_KEY_UISupportedInterfaceOrientations_iPad = "UIInterfaceOrientationPortrait UIInterfaceOrientationPortraitUpsideDown UIInterfaceOrientationLandscapeLeft UIInterfaceOrientationLandscapeRight";
				INFOPLIST_KEY_UISupportedInterfaceOrientations_iPhone = "UIInterfaceOrientationPortrait UIInterfaceOrientationLandscapeLeft UIInterfaceOrientationLandscapeRight";
				LD_RUNPATH_SEARCH_PATHS = (
					"$(inherited)",
					"@executable_path/Frameworks",
				);
				MARKETING_VERSION = 1.0;
				PRODUCT_BUNDLE_IDENTIFIER = pete.AIMap;
				PRODUCT_NAME = "$(TARGET_NAME)";
				SWIFT_EMIT_LOC_STRINGS = YES;
				SWIFT_VERSION = 5.0;
				TARGETED_DEVICE_FAMILY = "1,2";
			};
			name = Release;
		};
		7FE15B242F37AADA001B4F02 /* Debug */ = {
			isa = XCBuildConfiguration;
			buildSettings = {
				BUNDLE_LOADER = "$(TEST_HOST)";
				CODE_SIGN_STYLE = Automatic;
				CURRENT_PROJECT_VERSION = 1;
				DEVELOPMENT_TEAM = V3NV8BUEE5;
				GENERATE_INFOPLIST_FILE = YES;
				IPHONEOS_DEPLOYMENT_TARGET = 18.2;
				MARKETING_VERSION = 1.0;
				PRODUCT_BUNDLE_IDENTIFIER = pete.AIMapTests;
				PRODUCT_NAME = "$(TARGET_NAME)";
				SWIFT_EMIT_LOC_STRINGS = NO;
				SWIFT_VERSION = 5.0;
				TARGETED_DEVICE_FAMILY = "1,2";
				TEST_HOST = "$(BUILT_PRODUCTS_DIR)/AIMap.app/$(BUNDLE_EXECUTABLE_FOLDER_PATH)/AIMap";
			};
			name = Debug;
		};
		7FE15B252F37AADA001B4F02 /* Release */ = {
			isa = XCBuildConfiguration;
			buildSettings = {
				BUNDLE_LOADER = "$(TEST_HOST)";
				CODE_SIGN_STYLE = Automatic;
				CURRENT_PROJECT_VERSION = 1;
				DEVELOPMENT_TEAM = V3NV8BUEE5;
				GENERATE_INFOPLIST_FILE = YES;
				IPHONEOS_DEPLOYMENT_TARGET = 18.2;
				MARKETING_VERSION = 1.0;
				PRODUCT_BUNDLE_IDENTIFIER = pete.AIMapTests;
				PRODUCT_NAME = "$(TARGET_NAME)";
				SWIFT_EMIT_LOC_STRINGS = NO;
				SWIFT_VERSION = 5.0;
				TARGETED_DEVICE_FAMILY = "1,2";
				TEST_HOST = "$(BUILT_PRODUCTS_DIR)/AIMap.app/$(BUNDLE_EXECUTABLE_FOLDER_PATH)/AIMap";
			};
			name = Release;
		};
		7FE15B272F37AADA001B4F02 /* Debug */ = {
			isa = XCBuildConfiguration;
			buildSettings = {
				CODE_SIGN_STYLE = Automatic;
				CURRENT_PROJECT_VERSION = 1;
				DEVELOPMENT_TEAM = V3NV8BUEE5;
				GENERATE_INFOPLIST_FILE = YES;
				MARKETING_VERSION = 1.0;
				PRODUCT_BUNDLE_IDENTIFIER = pete.AIMapUITests;
				PRODUCT_NAME = "$(TARGET_NAME)";
				SWIFT_EMIT_LOC_STRINGS = NO;
				SWIFT_VERSION = 5.0;
				TARGETED_DEVICE_FAMILY = "1,2";
				TEST_TARGET_NAME = AIMap;
			};
			name = Debug;
		};
		7FE15B282F37AADA001B4F02 /* Release */ = {
			isa = XCBuildConfiguration;
			buildSettings = {
				CODE_SIGN_STYLE = Automatic;
				CURRENT_PROJECT_VERSION = 1;
				DEVELOPMENT_TEAM = V3NV8BUEE5;
				GENERATE_INFOPLIST_FILE = YES;
				MARKETING_VERSION = 1.0;
				PRODUCT_BUNDLE_IDENTIFIER = pete.AIMapUITests;
				PRODUCT_NAME = "$(TARGET_NAME)";
				SWIFT_EMIT_LOC_STRINGS = NO;
				SWIFT_VERSION = 5.0;
				TARGETED_DEVICE_FAMILY = "1,2";
				TEST_TARGET_NAME = AIMap;
			};
			name = Release;
		};
/* End XCBuildConfiguration section */

/* Begin XCConfigurationList section */
		7FE15AF72F37AAD7001B4F02 /* Build configuration list for PBXProject "AIMap" */ = {
			isa = XCConfigurationList;
			buildConfigurations = (
				7FE15B1E2F37AADA001B4F02 /* Debug */,
				7FE15B1F2F37AADA001B4F02 /* Release */,
			);
			defaultConfigurationIsVisible = 0;
			defaultConfigurationName = Release;
		};
		7FE15B202F37AADA001B4F02 /* Build configuration list for PBXNativeTarget "AIMap" */ = {
			isa = XCConfigurationList;
			buildConfigurations = (
				7FE15B212F37AADA001B4F02 /* Debug */,
				7FE15B222F37AADA001B4F02 /* Release */,
			);
			defaultConfigurationIsVisible = 0;
			defaultConfigurationName = Release;
		};
		7FE15B232F37AADA001B4F02 /* Build configuration list for PBXNativeTarget "AIMapTests" */ = {
			isa = XCConfigurationList;
			buildConfigurations = (
				7FE15B242F37AADA001B4F02 /* Debug */,
				7FE15B252F37AADA001B4F02 /* Release */,
			);
			defaultConfigurationIsVisible = 0;
			defaultConfigurationName = Release;
		};
		7FE15B262F37AADA001B4F02 /* Build configuration list for PBXNativeTarget "AIMapUITests" */ = {
			isa = XCConfigurationList;
			buildConfigurations = (
				7FE15B272F37AADA001B4F02 /* Debug */,
				7FE15B282F37AADA001B4F02 /* Release */,
			);
			defaultConfigurationIsVisible = 0;
			defaultConfigurationName = Release;
		};
/* End XCConfigurationList section */

/* Begin XCRemoteSwiftPackageReference section */
		A7E9CB929B988C2A1841ABFD /* XCRemoteSwiftPackageReference "ios-maps-sdk" */ = {
			isa = XCRemoteSwiftPackageReference;
			repositoryURL = "https://github.com/googlemaps/ios-maps-sdk";
			requirement = {
				kind = exactVersion;
				version = 10.8.0;
			};
		};
/* End XCRemoteSwiftPackageReference section */

/* Begin XCSwiftPackageProductDependency section */
		4EA491E8A8400AD34E82FEAF /* GoogleMaps */ = {
			isa = XCSwiftPackageProductDependency;
			package = A7E9CB929B988C2A1841ABFD /* XCRemoteSwiftPackageReference "ios-maps-sdk" */;
			productName = GoogleMaps;
		};
/* End XCSwiftPackageProductDependency section */
	};
	rootObject = 7FE15AF42F37AAD7001B4F02 /* Project object */;
}
